// !$*UTF8*$!
{
	archiveVersion = 1;
	classes = {
	};
	objectVersion = 46;
	objects = {

/* Begin PBXBuildFile section */
		270B59B31976F4CA00640B29 /* write.cpp in Sources */ = {isa = PBXBuildFile; fileRef = 270B59B11976F4CA00640B29 /* write.cpp */; };
		270B59B61976F6EA00640B29 /* write_cfg.cpp in Sources */ = {isa = PBXBuildFile; fileRef = 270B59B41976F6EA00640B29 /* write_cfg.cpp */; };
		271278C4198001A700C83264 /* ff_meam.cpp in Sources */ = {isa = PBXBuildFile; fileRef = 271278C2198001A700C83264 /* ff_meam.cpp */; };
		2725B52E1979A98900F5183C /* command_change_box.cpp in Sources */ = {isa = PBXBuildFile; fileRef = 2725B52C1979A98900F5183C /* command_change_box.cpp */; };
		2756291C19A7083700FC4583 /* ff_dmd.cpp in Sources */ = {isa = PBXBuildFile; fileRef = 2756291A19A7083700FC4583 /* ff_dmd.cpp */; };
		277A87E11974822D00D57402 /* atom_types.cpp in Sources */ = {isa = PBXBuildFile; fileRef = 277A87AF1974822D00D57402 /* atom_types.cpp */; };
		277A87E21974822D00D57402 /* atoms.cpp in Sources */ = {isa = PBXBuildFile; fileRef = 277A87B11974822D00D57402 /* atoms.cpp */; };
		277A87E31974822D00D57402 /* error.cpp in Sources */ = {isa = PBXBuildFile; fileRef = 277A87B31974822D00D57402 /* error.cpp */; };
		277A87E41974822D00D57402 /* ff.cpp in Sources */ = {isa = PBXBuildFile; fileRef = 277A87B51974822D00D57402 /* ff.cpp */; };
		277A87E51974822D00D57402 /* ff_fs.cpp in Sources */ = {isa = PBXBuildFile; fileRef = 277A87B71974822D00D57402 /* ff_fs.cpp */; };
		277A87E61974822D00D57402 /* ff_lj.cpp in Sources */ = {isa = PBXBuildFile; fileRef = 277A87B91974822D00D57402 /* ff_lj.cpp */; };
		277A87E71974822D00D57402 /* line_search.cpp in Sources */ = {isa = PBXBuildFile; fileRef = 277A87BD1974822D00D57402 /* line_search.cpp */; };
		277A87E81974822D00D57402 /* main.cpp in Sources */ = {isa = PBXBuildFile; fileRef = 277A87BF1974822D00D57402 /* main.cpp */; };
		277A87E91974822D00D57402 /* MAPP.cpp in Sources */ = {isa = PBXBuildFile; fileRef = 277A87C01974822D00D57402 /* MAPP.cpp */; };
		277A87EA1974822D00D57402 /* md.cpp in Sources */ = {isa = PBXBuildFile; fileRef = 277A87C21974822D00D57402 /* md.cpp */; };
		277A87EB1974822D00D57402 /* md_nh.cpp in Sources */ = {isa = PBXBuildFile; fileRef = 277A87C41974822D00D57402 /* md_nh.cpp */; };
		277A87EC1974822D00D57402 /* memory.cpp in Sources */ = {isa = PBXBuildFile; fileRef = 277A87C71974822D00D57402 /* memory.cpp */; };
		277A87ED1974822D00D57402 /* min.cpp in Sources */ = {isa = PBXBuildFile; fileRef = 277A87C91974822D00D57402 /* min.cpp */; };
		277A87EE1974822D00D57402 /* min_cg.cpp in Sources */ = {isa = PBXBuildFile; fileRef = 277A87CB1974822D00D57402 /* min_cg.cpp */; };
		277A87EF1974822D00D57402 /* min_l-bfgs.cpp in Sources */ = {isa = PBXBuildFile; fileRef = 277A87CD1974822D00D57402 /* min_l-bfgs.cpp */; };
		277A87F01974822D00D57402 /* neighbor.cpp in Sources */ = {isa = PBXBuildFile; fileRef = 277A87D01974822D00D57402 /* neighbor.cpp */; };
		277A87F11974822D00D57402 /* rand_engine.cpp in Sources */ = {isa = PBXBuildFile; fileRef = 277A87D21974822D00D57402 /* rand_engine.cpp */; };
		277A87F21974822D00D57402 /* read.cpp in Sources */ = {isa = PBXBuildFile; fileRef = 277A87D41974822D00D57402 /* read.cpp */; };
		277A87F31974822D00D57402 /* read_cfg.cpp in Sources */ = {isa = PBXBuildFile; fileRef = 277A87D61974822D00D57402 /* read_cfg.cpp */; };
		277A87F41974822D00D57402 /* thermo_dynamics.cpp in Sources */ = {isa = PBXBuildFile; fileRef = 277A87D91974822D00D57402 /* thermo_dynamics.cpp */; };
		277A87F51974822D00D57402 /* vecmath.cpp in Sources */ = {isa = PBXBuildFile; fileRef = 277A87DB1974822D00D57402 /* vecmath.cpp */; };
		277A87F71974822D00D57402 /* xmath.cpp in Sources */ = {isa = PBXBuildFile; fileRef = 277A87DF1974822D00D57402 /* xmath.cpp */; };
		277A87FA1974827D00D57402 /* libmpi_cxx.1.dylib in Frameworks */ = {isa = PBXBuildFile; fileRef = 277A87F81974827D00D57402 /* libmpi_cxx.1.dylib */; };
		277A87FB1974827D00D57402 /* libmpi.1.dylib in Frameworks */ = {isa = PBXBuildFile; fileRef = 277A87F91974827D00D57402 /* libmpi.1.dylib */; };
		2795CCE3199170DD00CDDF49 /* ff_eam.cpp in Sources */ = {isa = PBXBuildFile; fileRef = 2795CCE1199170DD00CDDF49 /* ff_eam.cpp */; };
		27AF6AB31998773A00DEE20C /* ff_eam_dmd.cpp in Sources */ = {isa = PBXBuildFile; fileRef = 27AF6AB11998773A00DEE20C /* ff_eam_dmd.cpp */; };
/* End PBXBuildFile section */

/* Begin PBXCopyFilesBuildPhase section */
		277A87A0197481D700D57402 /* CopyFiles */ = {
			isa = PBXCopyFilesBuildPhase;
			buildActionMask = 2147483647;
			dstPath = /usr/share/man/man1/;
			dstSubfolderSpec = 0;
			files = (
			);
			runOnlyForDeploymentPostprocessing = 1;
		};
/* End PBXCopyFilesBuildPhase section */

/* Begin PBXFileReference section */
		270B59B11976F4CA00640B29 /* write.cpp */ = {isa = PBXFileReference; fileEncoding = 4; lastKnownFileType = sourcecode.cpp.cpp; path = write.cpp; sourceTree = "<group>"; };
		270B59B21976F4CA00640B29 /* write.h */ = {isa = PBXFileReference; fileEncoding = 4; lastKnownFileType = sourcecode.c.h; path = write.h; sourceTree = "<group>"; };
		270B59B41976F6EA00640B29 /* write_cfg.cpp */ = {isa = PBXFileReference; fileEncoding = 4; lastKnownFileType = sourcecode.cpp.cpp; path = write_cfg.cpp; sourceTree = "<group>"; };
		270B59B51976F6EA00640B29 /* write_cfg.h */ = {isa = PBXFileReference; fileEncoding = 4; lastKnownFileType = sourcecode.c.h; path = write_cfg.h; sourceTree = "<group>"; };
		271278C2198001A700C83264 /* ff_meam.cpp */ = {isa = PBXFileReference; fileEncoding = 4; lastKnownFileType = sourcecode.cpp.cpp; path = ff_meam.cpp; sourceTree = "<group>"; };
		271278C3198001A700C83264 /* ff_meam.h */ = {isa = PBXFileReference; fileEncoding = 4; lastKnownFileType = sourcecode.c.h; path = ff_meam.h; sourceTree = "<group>"; };
		2725B52B1979A95E00F5183C /* command_styles.h */ = {isa = PBXFileReference; fileEncoding = 4; lastKnownFileType = sourcecode.c.h; path = command_styles.h; sourceTree = "<group>"; };
		2725B52C1979A98900F5183C /* command_change_box.cpp */ = {isa = PBXFileReference; fileEncoding = 4; lastKnownFileType = sourcecode.cpp.cpp; path = command_change_box.cpp; sourceTree = "<group>"; };
		2725B52D1979A98900F5183C /* command_change_box.h */ = {isa = PBXFileReference; fileEncoding = 4; lastKnownFileType = sourcecode.c.h; path = command_change_box.h; sourceTree = "<group>"; };
		2756291A19A7083700FC4583 /* ff_dmd.cpp */ = {isa = PBXFileReference; fileEncoding = 4; lastKnownFileType = sourcecode.cpp.cpp; path = ff_dmd.cpp; sourceTree = "<group>"; };
		2756291B19A7083700FC4583 /* ff_dmd.h */ = {isa = PBXFileReference; fileEncoding = 4; lastKnownFileType = sourcecode.c.h; path = ff_dmd.h; sourceTree = "<group>"; };
		277A87A2197481D700D57402 /* MAPP */ = {isa = PBXFileReference; explicitFileType = "compiled.mach-o.executable"; includeInIndex = 0; path = MAPP; sourceTree = BUILT_PRODUCTS_DIR; };
		277A87AF1974822D00D57402 /* atom_types.cpp */ = {isa = PBXFileReference; fileEncoding = 4; lastKnownFileType = sourcecode.cpp.cpp; path = atom_types.cpp; sourceTree = "<group>"; };
		277A87B01974822D00D57402 /* atom_types.h */ = {isa = PBXFileReference; fileEncoding = 4; lastKnownFileType = sourcecode.c.h; path = atom_types.h; sourceTree = "<group>"; };
		277A87B11974822D00D57402 /* atoms.cpp */ = {isa = PBXFileReference; fileEncoding = 4; lastKnownFileType = sourcecode.cpp.cpp; path = atoms.cpp; sourceTree = "<group>"; };
		277A87B21974822D00D57402 /* atoms.h */ = {isa = PBXFileReference; fileEncoding = 4; lastKnownFileType = sourcecode.c.h; path = atoms.h; sourceTree = "<group>"; };
		277A87B31974822D00D57402 /* error.cpp */ = {isa = PBXFileReference; fileEncoding = 4; lastKnownFileType = sourcecode.cpp.cpp; path = error.cpp; sourceTree = "<group>"; };
		277A87B41974822D00D57402 /* error.h */ = {isa = PBXFileReference; fileEncoding = 4; lastKnownFileType = sourcecode.c.h; path = error.h; sourceTree = "<group>"; };
		277A87B51974822D00D57402 /* ff.cpp */ = {isa = PBXFileReference; fileEncoding = 4; lastKnownFileType = sourcecode.cpp.cpp; path = ff.cpp; sourceTree = "<group>"; };
		277A87B61974822D00D57402 /* ff.h */ = {isa = PBXFileReference; fileEncoding = 4; lastKnownFileType = sourcecode.c.h; path = ff.h; sourceTree = "<group>"; };
		277A87B71974822D00D57402 /* ff_fs.cpp */ = {isa = PBXFileReference; fileEncoding = 4; lastKnownFileType = sourcecode.cpp.cpp; path = ff_fs.cpp; sourceTree = "<group>"; };
		277A87B81974822D00D57402 /* ff_fs.h */ = {isa = PBXFileReference; fileEncoding = 4; lastKnownFileType = sourcecode.c.h; path = ff_fs.h; sourceTree = "<group>"; };
		277A87B91974822D00D57402 /* ff_lj.cpp */ = {isa = PBXFileReference; fileEncoding = 4; lastKnownFileType = sourcecode.cpp.cpp; path = ff_lj.cpp; sourceTree = "<group>"; };
		277A87BA1974822D00D57402 /* ff_lj.h */ = {isa = PBXFileReference; fileEncoding = 4; lastKnownFileType = sourcecode.c.h; path = ff_lj.h; sourceTree = "<group>"; };
		277A87BB1974822D00D57402 /* ff_styles.h */ = {isa = PBXFileReference; fileEncoding = 4; lastKnownFileType = sourcecode.c.h; path = ff_styles.h; sourceTree = "<group>"; };
		277A87BC1974822D00D57402 /* init.h */ = {isa = PBXFileReference; fileEncoding = 4; lastKnownFileType = sourcecode.c.h; path = init.h; sourceTree = "<group>"; };
		277A87BD1974822D00D57402 /* line_search.cpp */ = {isa = PBXFileReference; fileEncoding = 4; lastKnownFileType = sourcecode.cpp.cpp; path = line_search.cpp; sourceTree = "<group>"; };
		277A87BE1974822D00D57402 /* line_search.h */ = {isa = PBXFileReference; fileEncoding = 4; lastKnownFileType = sourcecode.c.h; path = line_search.h; sourceTree = "<group>"; };
		277A87BF1974822D00D57402 /* main.cpp */ = {isa = PBXFileReference; fileEncoding = 4; lastKnownFileType = sourcecode.cpp.cpp; path = main.cpp; sourceTree = "<group>"; };
		277A87C01974822D00D57402 /* MAPP.cpp */ = {isa = PBXFileReference; fileEncoding = 4; lastKnownFileType = sourcecode.cpp.cpp; path = MAPP.cpp; sourceTree = "<group>"; };
		277A87C11974822D00D57402 /* MAPP.h */ = {isa = PBXFileReference; fileEncoding = 4; lastKnownFileType = sourcecode.c.h; path = MAPP.h; sourceTree = "<group>"; };
		277A87C21974822D00D57402 /* md.cpp */ = {isa = PBXFileReference; fileEncoding = 4; lastKnownFileType = sourcecode.cpp.cpp; path = md.cpp; sourceTree = "<group>"; };
		277A87C31974822D00D57402 /* md.h */ = {isa = PBXFileReference; fileEncoding = 4; lastKnownFileType = sourcecode.c.h; path = md.h; sourceTree = "<group>"; };
		277A87C41974822D00D57402 /* md_nh.cpp */ = {isa = PBXFileReference; fileEncoding = 4; lastKnownFileType = sourcecode.cpp.cpp; path = md_nh.cpp; sourceTree = "<group>"; };
		277A87C51974822D00D57402 /* md_nh.h */ = {isa = PBXFileReference; fileEncoding = 4; lastKnownFileType = sourcecode.c.h; path = md_nh.h; sourceTree = "<group>"; };
		277A87C61974822D00D57402 /* md_styles.h */ = {isa = PBXFileReference; fileEncoding = 4; lastKnownFileType = sourcecode.c.h; path = md_styles.h; sourceTree = "<group>"; };
		277A87C71974822D00D57402 /* memory.cpp */ = {isa = PBXFileReference; fileEncoding = 4; lastKnownFileType = sourcecode.cpp.cpp; path = memory.cpp; sourceTree = "<group>"; };
		277A87C81974822D00D57402 /* memory.h */ = {isa = PBXFileReference; fileEncoding = 4; lastKnownFileType = sourcecode.c.h; path = memory.h; sourceTree = "<group>"; };
		277A87C91974822D00D57402 /* min.cpp */ = {isa = PBXFileReference; fileEncoding = 4; lastKnownFileType = sourcecode.cpp.cpp; path = min.cpp; sourceTree = "<group>"; };
		277A87CA1974822D00D57402 /* min.h */ = {isa = PBXFileReference; fileEncoding = 4; lastKnownFileType = sourcecode.c.h; path = min.h; sourceTree = "<group>"; };
		277A87CB1974822D00D57402 /* min_cg.cpp */ = {isa = PBXFileReference; fileEncoding = 4; lastKnownFileType = sourcecode.cpp.cpp; path = min_cg.cpp; sourceTree = "<group>"; };
		277A87CC1974822D00D57402 /* min_cg.h */ = {isa = PBXFileReference; fileEncoding = 4; lastKnownFileType = sourcecode.c.h; path = min_cg.h; sourceTree = "<group>"; };
		277A87CD1974822D00D57402 /* min_l-bfgs.cpp */ = {isa = PBXFileReference; fileEncoding = 4; lastKnownFileType = sourcecode.cpp.cpp; path = "min_l-bfgs.cpp"; sourceTree = "<group>"; };
		277A87CE1974822D00D57402 /* min_l-bfgs.h */ = {isa = PBXFileReference; fileEncoding = 4; lastKnownFileType = sourcecode.c.h; path = "min_l-bfgs.h"; sourceTree = "<group>"; };
		277A87CF1974822D00D57402 /* min_styles.h */ = {isa = PBXFileReference; fileEncoding = 4; lastKnownFileType = sourcecode.c.h; path = min_styles.h; sourceTree = "<group>"; };
		277A87D01974822D00D57402 /* neighbor.cpp */ = {isa = PBXFileReference; fileEncoding = 4; lastKnownFileType = sourcecode.cpp.cpp; path = neighbor.cpp; sourceTree = "<group>"; };
		277A87D11974822D00D57402 /* neighbor.h */ = {isa = PBXFileReference; fileEncoding = 4; lastKnownFileType = sourcecode.c.h; path = neighbor.h; sourceTree = "<group>"; };
		277A87D21974822D00D57402 /* rand_engine.cpp */ = {isa = PBXFileReference; fileEncoding = 4; lastKnownFileType = sourcecode.cpp.cpp; path = rand_engine.cpp; sourceTree = "<group>"; };
		277A87D31974822D00D57402 /* rand_engine.h */ = {isa = PBXFileReference; fileEncoding = 4; lastKnownFileType = sourcecode.c.h; path = rand_engine.h; sourceTree = "<group>"; };
		277A87D41974822D00D57402 /* read.cpp */ = {isa = PBXFileReference; fileEncoding = 4; lastKnownFileType = sourcecode.cpp.cpp; path = read.cpp; sourceTree = "<group>"; };
		277A87D51974822D00D57402 /* read.h */ = {isa = PBXFileReference; fileEncoding = 4; lastKnownFileType = sourcecode.c.h; path = read.h; sourceTree = "<group>"; };
		277A87D61974822D00D57402 /* read_cfg.cpp */ = {isa = PBXFileReference; fileEncoding = 4; lastKnownFileType = sourcecode.cpp.cpp; path = read_cfg.cpp; sourceTree = "<group>"; };
		277A87D71974822D00D57402 /* read_cfg.h */ = {isa = PBXFileReference; fileEncoding = 4; lastKnownFileType = sourcecode.c.h; path = read_cfg.h; sourceTree = "<group>"; };
		277A87D81974822D00D57402 /* read_styles.h */ = {isa = PBXFileReference; fileEncoding = 4; lastKnownFileType = sourcecode.c.h; path = read_styles.h; sourceTree = "<group>"; };
		277A87D91974822D00D57402 /* thermo_dynamics.cpp */ = {isa = PBXFileReference; fileEncoding = 4; lastKnownFileType = sourcecode.cpp.cpp; path = thermo_dynamics.cpp; sourceTree = "<group>"; };
		277A87DA1974822D00D57402 /* thermo_dynamics.h */ = {isa = PBXFileReference; fileEncoding = 4; lastKnownFileType = sourcecode.c.h; path = thermo_dynamics.h; sourceTree = "<group>"; };
		277A87DB1974822D00D57402 /* vecmath.cpp */ = {isa = PBXFileReference; fileEncoding = 4; lastKnownFileType = sourcecode.cpp.cpp; path = vecmath.cpp; sourceTree = "<group>"; };
		277A87DC1974822D00D57402 /* vecmath.h */ = {isa = PBXFileReference; fileEncoding = 4; lastKnownFileType = sourcecode.c.h; path = vecmath.h; sourceTree = "<group>"; };
		277A87DF1974822D00D57402 /* xmath.cpp */ = {isa = PBXFileReference; fileEncoding = 4; lastKnownFileType = sourcecode.cpp.cpp; path = xmath.cpp; sourceTree = "<group>"; };
		277A87E01974822D00D57402 /* xmath.h */ = {isa = PBXFileReference; fileEncoding = 4; lastKnownFileType = sourcecode.c.h; path = xmath.h; sourceTree = "<group>"; };
		277A87F81974827D00D57402 /* libmpi_cxx.1.dylib */ = {isa = PBXFileReference; lastKnownFileType = "compiled.mach-o.dylib"; name = libmpi_cxx.1.dylib; path = lib/libmpi_cxx.1.dylib; sourceTree = "<group>"; };
		277A87F91974827D00D57402 /* libmpi.1.dylib */ = {isa = PBXFileReference; lastKnownFileType = "compiled.mach-o.dylib"; name = libmpi.1.dylib; path = lib/libmpi.1.dylib; sourceTree = "<group>"; };
		2795CCE1199170DD00CDDF49 /* ff_eam.cpp */ = {isa = PBXFileReference; fileEncoding = 4; lastKnownFileType = sourcecode.cpp.cpp; path = ff_eam.cpp; sourceTree = "<group>"; };
		2795CCE2199170DD00CDDF49 /* ff_eam.h */ = {isa = PBXFileReference; fileEncoding = 4; lastKnownFileType = sourcecode.c.h; path = ff_eam.h; sourceTree = "<group>"; };
		27AF6AB11998773A00DEE20C /* ff_eam_dmd.cpp */ = {isa = PBXFileReference; fileEncoding = 4; lastKnownFileType = sourcecode.cpp.cpp; path = ff_eam_dmd.cpp; sourceTree = "<group>"; };
		27AF6AB21998773A00DEE20C /* ff_eam_dmd.h */ = {isa = PBXFileReference; fileEncoding = 4; lastKnownFileType = sourcecode.c.h; path = ff_eam_dmd.h; sourceTree = "<group>"; };
		27D0418B1978AD2C001E2957 /* write_styles.h */ = {isa = PBXFileReference; fileEncoding = 4; lastKnownFileType = sourcecode.c.h; path = write_styles.h; sourceTree = "<group>"; };
/* End PBXFileReference section */

/* Begin PBXFrameworksBuildPhase section */
		277A879F197481D700D57402 /* Frameworks */ = {
			isa = PBXFrameworksBuildPhase;
			buildActionMask = 2147483647;
			files = (
				277A87FA1974827D00D57402 /* libmpi_cxx.1.dylib in Frameworks */,
				277A87FB1974827D00D57402 /* libmpi.1.dylib in Frameworks */,
			);
			runOnlyForDeploymentPostprocessing = 0;
		};
/* End PBXFrameworksBuildPhase section */

/* Begin PBXGroup section */
		277A8799197481D700D57402 = {
			isa = PBXGroup;
			children = (
				277A87F81974827D00D57402 /* libmpi_cxx.1.dylib */,
				277A87F91974827D00D57402 /* libmpi.1.dylib */,
				277A87AE1974822D00D57402 /* src */,
				277A87A3197481D700D57402 /* Products */,
			);
			sourceTree = "<group>";
		};
		277A87A3197481D700D57402 /* Products */ = {
			isa = PBXGroup;
			children = (
				277A87A2197481D700D57402 /* MAPP */,
			);
			name = Products;
			sourceTree = "<group>";
		};
		277A87AE1974822D00D57402 /* src */ = {
			isa = PBXGroup;
			children = (
				277A87AF1974822D00D57402 /* atom_types.cpp */,
				277A87B01974822D00D57402 /* atom_types.h */,
				277A87B11974822D00D57402 /* atoms.cpp */,
				277A87B21974822D00D57402 /* atoms.h */,
				277A87B31974822D00D57402 /* error.cpp */,
				277A87B41974822D00D57402 /* error.h */,
				277A87B51974822D00D57402 /* ff.cpp */,
				277A87B61974822D00D57402 /* ff.h */,
				277A87B71974822D00D57402 /* ff_fs.cpp */,
				277A87B81974822D00D57402 /* ff_fs.h */,
				277A87B91974822D00D57402 /* ff_lj.cpp */,
				277A87BA1974822D00D57402 /* ff_lj.h */,
				271278C2198001A700C83264 /* ff_meam.cpp */,
				271278C3198001A700C83264 /* ff_meam.h */,
				2795CCE1199170DD00CDDF49 /* ff_eam.cpp */,
				2795CCE2199170DD00CDDF49 /* ff_eam.h */,
				2756291A19A7083700FC4583 /* ff_dmd.cpp */,
				2756291B19A7083700FC4583 /* ff_dmd.h */,
				27AF6AB11998773A00DEE20C /* ff_eam_dmd.cpp */,
				27AF6AB21998773A00DEE20C /* ff_eam_dmd.h */,
				277A87BB1974822D00D57402 /* ff_styles.h */,
				277A87BC1974822D00D57402 /* init.h */,
				277A87BD1974822D00D57402 /* line_search.cpp */,
				277A87BE1974822D00D57402 /* line_search.h */,
				277A87BF1974822D00D57402 /* main.cpp */,
				277A87C01974822D00D57402 /* MAPP.cpp */,
				277A87C11974822D00D57402 /* MAPP.h */,
				277A87C21974822D00D57402 /* md.cpp */,
				277A87C31974822D00D57402 /* md.h */,
				277A87C41974822D00D57402 /* md_nh.cpp */,
				277A87C51974822D00D57402 /* md_nh.h */,
				277A87C61974822D00D57402 /* md_styles.h */,
				277A87C71974822D00D57402 /* memory.cpp */,
				277A87C81974822D00D57402 /* memory.h */,
				277A87C91974822D00D57402 /* min.cpp */,
				277A87CA1974822D00D57402 /* min.h */,
				277A87CB1974822D00D57402 /* min_cg.cpp */,
				277A87CC1974822D00D57402 /* min_cg.h */,
				277A87CD1974822D00D57402 /* min_l-bfgs.cpp */,
				277A87CE1974822D00D57402 /* min_l-bfgs.h */,
				277A87CF1974822D00D57402 /* min_styles.h */,
				277A87D01974822D00D57402 /* neighbor.cpp */,
				277A87D11974822D00D57402 /* neighbor.h */,
				277A87D21974822D00D57402 /* rand_engine.cpp */,
				277A87D31974822D00D57402 /* rand_engine.h */,
				277A87D41974822D00D57402 /* read.cpp */,
				277A87D51974822D00D57402 /* read.h */,
				277A87D61974822D00D57402 /* read_cfg.cpp */,
				277A87D71974822D00D57402 /* read_cfg.h */,
				277A87D81974822D00D57402 /* read_styles.h */,
				277A87D91974822D00D57402 /* thermo_dynamics.cpp */,
				277A87DA1974822D00D57402 /* thermo_dynamics.h */,
				277A87DB1974822D00D57402 /* vecmath.cpp */,
				277A87DC1974822D00D57402 /* vecmath.h */,
				277A87DF1974822D00D57402 /* xmath.cpp */,
				277A87E01974822D00D57402 /* xmath.h */,
				270B59B11976F4CA00640B29 /* write.cpp */,
				270B59B21976F4CA00640B29 /* write.h */,
				270B59B41976F6EA00640B29 /* write_cfg.cpp */,
				270B59B51976F6EA00640B29 /* write_cfg.h */,
				27D0418B1978AD2C001E2957 /* write_styles.h */,
				2725B52B1979A95E00F5183C /* command_styles.h */,
				2725B52C1979A98900F5183C /* command_change_box.cpp */,
				2725B52D1979A98900F5183C /* command_change_box.h */,
			);
			path = src;
			sourceTree = "<group>";
		};
/* End PBXGroup section */

/* Begin PBXNativeTarget section */
		277A87A1197481D700D57402 /* MAPP */ = {
			isa = PBXNativeTarget;
			buildConfigurationList = 277A87AB197481D800D57402 /* Build configuration list for PBXNativeTarget "MAPP" */;
			buildPhases = (
				277A879E197481D700D57402 /* Sources */,
				277A879F197481D700D57402 /* Frameworks */,
				277A87A0197481D700D57402 /* CopyFiles */,
			);
			buildRules = (
			);
			dependencies = (
			);
			name = MAPP;
			productName = MAPP;
			productReference = 277A87A2197481D700D57402 /* MAPP */;
			productType = "com.apple.product-type.tool";
		};
/* End PBXNativeTarget section */

/* Begin PBXProject section */
		277A879A197481D700D57402 /* Project object */ = {
			isa = PBXProject;
			attributes = {
				LastUpgradeCheck = 0510;
				ORGANIZATIONNAME = "Li Group/Sina";
			};
			buildConfigurationList = 277A879D197481D700D57402 /* Build configuration list for PBXProject "MAPP" */;
			compatibilityVersion = "Xcode 3.2";
			developmentRegion = English;
			hasScannedForEncodings = 0;
			knownRegions = (
				en,
			);
			mainGroup = 277A8799197481D700D57402;
			productRefGroup = 277A87A3197481D700D57402 /* Products */;
			projectDirPath = "";
			projectRoot = "";
			targets = (
				277A87A1197481D700D57402 /* MAPP */,
			);
		};
/* End PBXProject section */

/* Begin PBXSourcesBuildPhase section */
		277A879E197481D700D57402 /* Sources */ = {
			isa = PBXSourcesBuildPhase;
			buildActionMask = 2147483647;
			files = (
				277A87EA1974822D00D57402 /* md.cpp in Sources */,
				27AF6AB31998773A00DEE20C /* ff_eam_dmd.cpp in Sources */,
				277A87E91974822D00D57402 /* MAPP.cpp in Sources */,
				277A87F41974822D00D57402 /* thermo_dynamics.cpp in Sources */,
				277A87EE1974822D00D57402 /* min_cg.cpp in Sources */,
				277A87EB1974822D00D57402 /* md_nh.cpp in Sources */,
				277A87E21974822D00D57402 /* atoms.cpp in Sources */,
				277A87E11974822D00D57402 /* atom_types.cpp in Sources */,
				277A87E31974822D00D57402 /* error.cpp in Sources */,
				270B59B61976F6EA00640B29 /* write_cfg.cpp in Sources */,
				277A87F11974822D00D57402 /* rand_engine.cpp in Sources */,
				270B59B31976F4CA00640B29 /* write.cpp in Sources */,
				277A87E71974822D00D57402 /* line_search.cpp in Sources */,
				2725B52E1979A98900F5183C /* command_change_box.cpp in Sources */,
				2795CCE3199170DD00CDDF49 /* ff_eam.cpp in Sources */,
				277A87F31974822D00D57402 /* read_cfg.cpp in Sources */,
				277A87E61974822D00D57402 /* ff_lj.cpp in Sources */,
				277A87EC1974822D00D57402 /* memory.cpp in Sources */,
				277A87F21974822D00D57402 /* read.cpp in Sources */,
				277A87E41974822D00D57402 /* ff.cpp in Sources */,
				277A87F01974822D00D57402 /* neighbor.cpp in Sources */,
				277A87E81974822D00D57402 /* main.cpp in Sources */,
				277A87E51974822D00D57402 /* ff_fs.cpp in Sources */,
				277A87F51974822D00D57402 /* vecmath.cpp in Sources */,
				277A87EF1974822D00D57402 /* min_l-bfgs.cpp in Sources */,
				277A87ED1974822D00D57402 /* min.cpp in Sources */,
				277A87F71974822D00D57402 /* xmath.cpp in Sources */,
				271278C4198001A700C83264 /* ff_meam.cpp in Sources */,
				2756291C19A7083700FC4583 /* ff_dmd.cpp in Sources */,
			);
			runOnlyForDeploymentPostprocessing = 0;
		};
/* End PBXSourcesBuildPhase section */

/* Begin XCBuildConfiguration section */
		277A87A9197481D800D57402 /* Debug */ = {
			isa = XCBuildConfiguration;
			buildSettings = {
				ALWAYS_SEARCH_USER_PATHS = NO;
				CLANG_CXX_LANGUAGE_STANDARD = "gnu++0x";
				CLANG_CXX_LIBRARY = "libc++";
				CLANG_ENABLE_MODULES = YES;
				CLANG_ENABLE_OBJC_ARC = YES;
				CLANG_WARN_BOOL_CONVERSION = YES;
				CLANG_WARN_CONSTANT_CONVERSION = YES;
				CLANG_WARN_DIRECT_OBJC_ISA_USAGE = YES_ERROR;
				CLANG_WARN_EMPTY_BODY = YES;
				CLANG_WARN_ENUM_CONVERSION = YES;
				CLANG_WARN_INT_CONVERSION = YES;
				CLANG_WARN_OBJC_ROOT_CLASS = YES_ERROR;
				CLANG_WARN__DUPLICATE_METHOD_MATCH = YES;
				COPY_PHASE_STRIP = NO;
				GCC_C_LANGUAGE_STANDARD = gnu99;
				GCC_DYNAMIC_NO_PIC = NO;
				GCC_ENABLE_OBJC_EXCEPTIONS = YES;
				GCC_OPTIMIZATION_LEVEL = 0;
				GCC_PREPROCESSOR_DEFINITIONS = (
					"DEBUG=1",
					"$(inherited)",
				);
				GCC_SYMBOLS_PRIVATE_EXTERN = NO;
				GCC_WARN_64_TO_32_BIT_CONVERSION = YES;
				GCC_WARN_ABOUT_RETURN_TYPE = YES_ERROR;
				GCC_WARN_UNDECLARED_SELECTOR = YES;
				GCC_WARN_UNINITIALIZED_AUTOS = YES_AGGRESSIVE;
				GCC_WARN_UNUSED_FUNCTION = YES;
				GCC_WARN_UNUSED_VARIABLE = YES;
				MACOSX_DEPLOYMENT_TARGET = 10.9;
				ONLY_ACTIVE_ARCH = YES;
				SDKROOT = macosx;
			};
			name = Debug;
		};
		277A87AA197481D800D57402 /* Release */ = {
			isa = XCBuildConfiguration;
			buildSettings = {
				ALWAYS_SEARCH_USER_PATHS = NO;
				CLANG_CXX_LANGUAGE_STANDARD = "gnu++0x";
				CLANG_CXX_LIBRARY = "libc++";
				CLANG_ENABLE_MODULES = YES;
				CLANG_ENABLE_OBJC_ARC = YES;
				CLANG_WARN_BOOL_CONVERSION = YES;
				CLANG_WARN_CONSTANT_CONVERSION = YES;
				CLANG_WARN_DIRECT_OBJC_ISA_USAGE = YES_ERROR;
				CLANG_WARN_EMPTY_BODY = YES;
				CLANG_WARN_ENUM_CONVERSION = YES;
				CLANG_WARN_INT_CONVERSION = YES;
				CLANG_WARN_OBJC_ROOT_CLASS = YES_ERROR;
				CLANG_WARN__DUPLICATE_METHOD_MATCH = YES;
				COPY_PHASE_STRIP = YES;
				DEBUG_INFORMATION_FORMAT = "dwarf-with-dsym";
				ENABLE_NS_ASSERTIONS = NO;
				GCC_C_LANGUAGE_STANDARD = gnu99;
				GCC_ENABLE_OBJC_EXCEPTIONS = YES;
				GCC_WARN_64_TO_32_BIT_CONVERSION = YES;
				GCC_WARN_ABOUT_RETURN_TYPE = YES_ERROR;
				GCC_WARN_UNDECLARED_SELECTOR = YES;
				GCC_WARN_UNINITIALIZED_AUTOS = YES_AGGRESSIVE;
				GCC_WARN_UNUSED_FUNCTION = YES;
				GCC_WARN_UNUSED_VARIABLE = YES;
				MACOSX_DEPLOYMENT_TARGET = 10.9;
				SDKROOT = macosx;
			};
			name = Release;
		};
		277A87AC197481D800D57402 /* Debug */ = {
			isa = XCBuildConfiguration;
			buildSettings = {
				HEADER_SEARCH_PATHS = (
					"$(inherited)",
					/Applications/Xcode.app/Contents/Developer/Toolchains/XcodeDefault.xctoolchain/usr/include,
					"$(inherited)",
					"$(PROJECT_DIR)/include",
				);
				LIBRARY_SEARCH_PATHS = (
					"$(inherited)",
					"$(PROJECT_DIR)/lib",
				);
				PRODUCT_NAME = "$(TARGET_NAME)";
			};
			name = Debug;
		};
		277A87AD197481D800D57402 /* Release */ = {
			isa = XCBuildConfiguration;
			buildSettings = {
				HEADER_SEARCH_PATHS = (
					"$(inherited)",
					/Applications/Xcode.app/Contents/Developer/Toolchains/XcodeDefault.xctoolchain/usr/include,
					"$(inherited)",
					"$(PROJECT_DIR)/include",
				);
				LIBRARY_SEARCH_PATHS = (
					"$(inherited)",
					"$(PROJECT_DIR)/lib",
				);
				PRODUCT_NAME = "$(TARGET_NAME)";
			};
			name = Release;
		};
/* End XCBuildConfiguration section */

/* Begin XCConfigurationList section */
		277A879D197481D700D57402 /* Build configuration list for PBXProject "MAPP" */ = {
			isa = XCConfigurationList;
			buildConfigurations = (
				277A87A9197481D800D57402 /* Debug */,
				277A87AA197481D800D57402 /* Release */,
			);
			defaultConfigurationIsVisible = 0;
			defaultConfigurationName = Release;
		};
		277A87AB197481D800D57402 /* Build configuration list for PBXNativeTarget "MAPP" */ = {
			isa = XCConfigurationList;
			buildConfigurations = (
				277A87AC197481D800D57402 /* Debug */,
				277A87AD197481D800D57402 /* Release */,
			);
			defaultConfigurationIsVisible = 0;
			defaultConfigurationName = Release;
		};
/* End XCConfigurationList section */
	};
	rootObject = 277A879A197481D700D57402 /* Project object */;
}
